
Microsoft Visual Studio Solution File, Format Version 12.00
# Visual Studio 15
VisualStudioVersion = 15.0.28010.2003
MinimumVisualStudioVersion = 10.0.40219.1
Project("{9A19103F-16F7-4668-BE54-9A1E7A4F7556}") = "Ocelot.GrpcHttpGateway", "Ocelot.GrpcHttpGateway\Ocelot.GrpcHttpGateway\Ocelot.GrpcHttpGateway.csproj", "{6194E468-46A2-4859-A95D-9E9F80B2D435}"
EndProject
Project("{2150E333-8FDC-42A3-9474-1A3956D46DE8}") = "samples", "samples", "{1B944A17-9AC0-4CBF-816A-13F7702E41C5}"
EndProject
Project("{9A19103F-16F7-4668-BE54-9A1E7A4F7556}") = "Examples.OcelotGateway", "samples\OcelotGateway\Examples.OcelotGateway.csproj", "{D73705DE-24FF-4E27-858A-B3DE95329079}"
EndProject
Project("{9A19103F-16F7-4668-BE54-9A1E7A4F7556}") = "Built.Grpcc", "Ocelot.GrpcHttpGateway\Built.Grpcc\Built.Grpcc.csproj", "{AC466813-DD53-4977-A357-3F24E7632836}"
EndProject
Project("{9A19103F-16F7-4668-BE54-9A1E7A4F7556}") = "Examples.GrpcModels", "samples\Examples.GrpcModels\Examples.GrpcModels.csproj", "{34A6B1B8-8DB0-4811-BEA4-1BD1052D7112}"
EndProject
Project("{9A19103F-16F7-4668-BE54-9A1E7A4F7556}") = "Examples.GrpcServer", "samples\Examples.GrpcServer\Examples.GrpcServer.csproj", "{94ABA3E6-A5F3-4193-B454-064506E5999A}"
EndProject
Project("{9A19103F-16F7-4668-BE54-9A1E7A4F7556}") = "Examples.GrpcClient", "samples\Examples.GrpcClient\Examples.GrpcClient.csproj", "{71758D30-085A-4F3C-9FDC-513447BC43D1}"
EndProject
Project("{FAE04EC0-301F-11D3-BF4B-00C04F79EFBC}") = "Built.Grpcc.SwaggerGen", "Built.Grpcc.SwaggerGen\Built.Grpcc.SwaggerGen.csproj", "{D9B9A6A1-B12C-4F40-A547-2A7926772CEB}"
EndProject
Global
	GlobalSection(SolutionConfigurationPlatforms) = preSolution
		Debug|Any CPU = Debug|Any CPU
		Release|Any CPU = Release|Any CPU
	EndGlobalSection
	GlobalSection(ProjectConfigurationPlatforms) = postSolution
		{6194E468-46A2-4859-A95D-9E9F80B2D435}.Debug|Any CPU.ActiveCfg = Debug|Any CPU
		{6194E468-46A2-4859-A95D-9E9F80B2D435}.Debug|Any CPU.Build.0 = Debug|Any CPU
		{6194E468-46A2-4859-A95D-9E9F80B2D435}.Release|Any CPU.ActiveCfg = Release|Any CPU
		{6194E468-46A2-4859-A95D-9E9F80B2D435}.Release|Any CPU.Build.0 = Release|Any CPU
		{D73705DE-24FF-4E27-858A-B3DE95329079}.Debug|Any CPU.ActiveCfg = Debug|Any CPU
		{D73705DE-24FF-4E27-858A-B3DE95329079}.Debug|Any CPU.Build.0 = Debug|Any CPU
		{D73705DE-24FF-4E27-858A-B3DE95329079}.Release|Any CPU.ActiveCfg = Release|Any CPU
		{D73705DE-24FF-4E27-858A-B3DE95329079}.Release|Any CPU.Build.0 = Release|Any CPU
		{AC466813-DD53-4977-A357-3F24E7632836}.Debug|Any CPU.ActiveCfg = Debug|Any CPU
		{AC466813-DD53-4977-A357-3F24E7632836}.Debug|Any CPU.Build.0 = Debug|Any CPU
		{AC466813-DD53-4977-A357-3F24E7632836}.Release|Any CPU.ActiveCfg = Release|Any CPU
		{AC466813-DD53-4977-A357-3F24E7632836}.Release|Any CPU.Build.0 = Release|Any CPU
		{34A6B1B8-8DB0-4811-BEA4-1BD1052D7112}.Debug|Any CPU.ActiveCfg = Debug|Any CPU
		{34A6B1B8-8DB0-4811-BEA4-1BD1052D7112}.Debug|Any CPU.Build.0 = Debug|Any CPU
		{34A6B1B8-8DB0-4811-BEA4-1BD1052D7112}.Release|Any CPU.ActiveCfg = Release|Any CPU
		{34A6B1B8-8DB0-4811-BEA4-1BD1052D7112}.Release|Any CPU.Build.0 = Release|Any CPU
		{94ABA3E6-A5F3-4193-B454-064506E5999A}.Debug|Any CPU.ActiveCfg = Debug|Any CPU
		{94ABA3E6-A5F3-4193-B454-064506E5999A}.Debug|Any CPU.Build.0 = Debug|Any CPU
		{94ABA3E6-A5F3-4193-B454-064506E5999A}.Release|Any CPU.ActiveCfg = Release|Any CPU
		{94ABA3E6-A5F3-4193-B454-064506E5999A}.Release|Any CPU.Build.0 = Release|Any CPU
		{71758D30-085A-4F3C-9FDC-513447BC43D1}.Debug|Any CPU.ActiveCfg = Debug|Any CPU
		{71758D30-085A-4F3C-9FDC-513447BC43D1}.Debug|Any CPU.Build.0 = Debug|Any CPU
		{71758D30-085A-4F3C-9FDC-513447BC43D1}.Release|Any CPU.ActiveCfg = Release|Any CPU
		{71758D30-085A-4F3C-9FDC-513447BC43D1}.Release|Any CPU.Build.0 = Release|Any CPU
		{D9B9A6A1-B12C-4F40-A547-2A7926772CEB}.Debug|Any CPU.ActiveCfg = Debug|Any CPU
		{D9B9A6A1-B12C-4F40-A547-2A7926772CEB}.Debug|Any CPU.Build.0 = Debug|Any CPU
		{D9B9A6A1-B12C-4F40-A547-2A7926772CEB}.Release|Any CPU.ActiveCfg = Release|Any CPU
		{D9B9A6A1-B12C-4F40-A547-2A7926772CEB}.Release|Any CPU.Build.0 = Release|Any CPU
	EndGlobalSection
	GlobalSection(SolutionProperties) = preSolution
		HideSolutionNode = FALSE
	EndGlobalSection
	GlobalSection(NestedProjects) = preSolution
		{D73705DE-24FF-4E27-858A-B3DE95329079} = {1B944A17-9AC0-4CBF-816A-13F7702E41C5}
		{34A6B1B8-8DB0-4811-BEA4-1BD1052D7112} = {1B944A17-9AC0-4CBF-816A-13F7702E41C5}
		{94ABA3E6-A5F3-4193-B454-064506E5999A} = {1B944A17-9AC0-4CBF-816A-13F7702E41C5}
		{71758D30-085A-4F3C-9FDC-513447BC43D1} = {1B944A17-9AC0-4CBF-816A-13F7702E41C5}
	EndGlobalSection
	GlobalSection(ExtensibilityGlobals) = postSolution
		SolutionGuid = {0A4C634D-74AE-49A3-B061-35804D9A4FC9}
	EndGlobalSection
EndGlobal
